
Microsoft Visual Studio Solution File, Format Version 12.00
# Visual Studio 15
VisualStudioVersion = 15.0.28307.852
MinimumVisualStudioVersion = 10.0.40219.1
Project("{FAE04EC0-301F-11D3-BF4B-00C04F79EFBC}") = "NW.TimeSeriesForecaster", "src\NW.TimeSeriesForecaster\NW.TimeSeriesForecaster.csproj", "{E0AC429E-7BB1-4B47-840F-A06136C83BDE}"
EndProject
Project("{FAE04EC0-301F-11D3-BF4B-00C04F79EFBC}") = "NW.TimeSeriesForecaster.UnitTests", "tests\NW.TimeSeriesForecaster.UnitTests\NW.TimeSeriesForecaster.UnitTests.csproj", "{0413A358-91AE-4351-A792-96B7B2353075}"
EndProject
Project("{FAE04EC0-301F-11D3-BF4B-00C04F79EFBC}") = "NW.TimeSeriesForecasterClient", "src\NW.TimeSeriesForecasterClient\NW.TimeSeriesForecasterClient.csproj", "{8A08834A-C974-4377-85F9-E007724464D6}"
EndProject
Global
	GlobalSection(SolutionConfigurationPlatforms) = preSolution
		Debug|Any CPU = Debug|Any CPU
		Release|Any CPU = Release|Any CPU
	EndGlobalSection
	GlobalSection(ProjectConfigurationPlatforms) = postSolution
		{E0AC429E-7BB1-4B47-840F-A06136C83BDE}.Debug|Any CPU.ActiveCfg = Debug|Any CPU
		{E0AC429E-7BB1-4B47-840F-A06136C83BDE}.Debug|Any CPU.Build.0 = Debug|Any CPU
		{E0AC429E-7BB1-4B47-840F-A06136C83BDE}.Release|Any CPU.ActiveCfg = Release|Any CPU
		{E0AC429E-7BB1-4B47-840F-A06136C83BDE}.Release|Any CPU.Build.0 = Release|Any CPU
		{0413A358-91AE-4351-A792-96B7B2353075}.Debug|Any CPU.ActiveCfg = Debug|Any CPU
		{0413A358-91AE-4351-A792-96B7B2353075}.Debug|Any CPU.Build.0 = Debug|Any CPU
		{0413A358-91AE-4351-A792-96B7B2353075}.Release|Any CPU.ActiveCfg = Release|Any CPU
		{0413A358-91AE-4351-A792-96B7B2353075}.Release|Any CPU.Build.0 = Release|Any CPU
		{8A08834A-C974-4377-85F9-E007724464D6}.Debug|Any CPU.ActiveCfg = Debug|Any CPU
		{8A08834A-C974-4377-85F9-E007724464D6}.Debug|Any CPU.Build.0 = Debug|Any CPU
		{8A08834A-C974-4377-85F9-E007724464D6}.Release|Any CPU.ActiveCfg = Release|Any CPU
		{8A08834A-C974-4377-85F9-E007724464D6}.Release|Any CPU.Build.0 = Release|Any CPU
	EndGlobalSection
	GlobalSection(SolutionProperties) = preSolution
		HideSolutionNode = FALSE
	EndGlobalSection
	GlobalSection(ExtensibilityGlobals) = postSolution
		SolutionGuid = {AC6944BC-06B7-4FF7-8200-BEDD8B710BC5}
	EndGlobalSection
EndGlobal
