
Microsoft Visual Studio Solution File, Format Version 12.00
# Visual Studio Version 16
VisualStudioVersion = 16.0.33130.400
MinimumVisualStudioVersion = 10.0.40219.1
Project("{9A19103F-16F7-4668-BE54-9A1E7A4F7556}") = "NW.UnivariateForecasting", "src\NW.UnivariateForecasting\NW.UnivariateForecasting.csproj", "{E0AC429E-7BB1-4B47-840F-A06136C83BDE}"
EndProject
Project("{9A19103F-16F7-4668-BE54-9A1E7A4F7556}") = "NW.UnivariateForecasting.UnitTests", "tests\NW.UnivariateForecasting.UnitTests\NW.UnivariateForecasting.UnitTests.csproj", "{0413A358-91AE-4351-A792-96B7B2353075}"
EndProject
Project("{9A19103F-16F7-4668-BE54-9A1E7A4F7556}") = "NW.UnivariateForecastingClient", "src\NW.UnivariateForecastingClient\NW.UnivariateForecastingClient.csproj", "{8A08834A-C974-4377-85F9-E007724464D6}"
EndProject
Project("{FAE04EC0-301F-11D3-BF4B-00C04F79EFBC}") = "NW.UnivariateForecastingClient.UnitTests", "tests\NW.UnivariateForecastingClient.UnitTests\NW.UnivariateForecastingClient.UnitTests.csproj", "{2EAA0CED-0E17-4AF1-8E6F-BB4A3A20DD4A}"
EndProject
Global
	GlobalSection(SolutionConfigurationPlatforms) = preSolution
		Debug|Any CPU = Debug|Any CPU
		Release|Any CPU = Release|Any CPU
	EndGlobalSection
	GlobalSection(ProjectConfigurationPlatforms) = postSolution
		{E0AC429E-7BB1-4B47-840F-A06136C83BDE}.Debug|Any CPU.ActiveCfg = Debug|Any CPU
		{E0AC429E-7BB1-4B47-840F-A06136C83BDE}.Debug|Any CPU.Build.0 = Debug|Any CPU
		{E0AC429E-7BB1-4B47-840F-A06136C83BDE}.Release|Any CPU.ActiveCfg = Release|Any CPU
		{E0AC429E-7BB1-4B47-840F-A06136C83BDE}.Release|Any CPU.Build.0 = Release|Any CPU
		{0413A358-91AE-4351-A792-96B7B2353075}.Debug|Any CPU.ActiveCfg = Debug|Any CPU
		{0413A358-91AE-4351-A792-96B7B2353075}.Debug|Any CPU.Build.0 = Debug|Any CPU
		{0413A358-91AE-4351-A792-96B7B2353075}.Release|Any CPU.ActiveCfg = Release|Any CPU
		{0413A358-91AE-4351-A792-96B7B2353075}.Release|Any CPU.Build.0 = Release|Any CPU
		{8A08834A-C974-4377-85F9-E007724464D6}.Debug|Any CPU.ActiveCfg = Debug|Any CPU
		{8A08834A-C974-4377-85F9-E007724464D6}.Debug|Any CPU.Build.0 = Debug|Any CPU
		{8A08834A-C974-4377-85F9-E007724464D6}.Release|Any CPU.ActiveCfg = Release|Any CPU
		{8A08834A-C974-4377-85F9-E007724464D6}.Release|Any CPU.Build.0 = Release|Any CPU
		{2EAA0CED-0E17-4AF1-8E6F-BB4A3A20DD4A}.Debug|Any CPU.ActiveCfg = Debug|Any CPU
		{2EAA0CED-0E17-4AF1-8E6F-BB4A3A20DD4A}.Debug|Any CPU.Build.0 = Debug|Any CPU
		{2EAA0CED-0E17-4AF1-8E6F-BB4A3A20DD4A}.Release|Any CPU.ActiveCfg = Release|Any CPU
		{2EAA0CED-0E17-4AF1-8E6F-BB4A3A20DD4A}.Release|Any CPU.Build.0 = Release|Any CPU
	EndGlobalSection
	GlobalSection(SolutionProperties) = preSolution
		HideSolutionNode = FALSE
	EndGlobalSection
	GlobalSection(ExtensibilityGlobals) = postSolution
		SolutionGuid = {AC6944BC-06B7-4FF7-8200-BEDD8B710BC5}
	EndGlobalSection
EndGlobal
